
Microsoft Visual Studio Solution File, Format Version 12.00
# Visual Studio Version 16
VisualStudioVersion = 16.0.30907.101
MinimumVisualStudioVersion = 10.0.40219.1
Project("{FAE04EC0-301F-11D3-BF4B-00C04F79EFBC}") = "TreinaWeb.Musicas.Web", "TreinaWeb.Musicas.Web\TreinaWeb.Musicas.Web.csproj", "{C1BB1013-D841-4229-B852-616B6CA2ED93}"
EndProject
Project("{2150E333-8FDC-42A3-9474-1A3956D46DE8}") = "Dominio", "Dominio", "{FF18185E-8941-4DAE-BFF9-C9EF0F0B90D0}"
EndProject
Project("{FAE04EC0-301F-11D3-BF4B-00C04F79EFBC}") = "TreinaWeb.Musicas.Dominio", "TreinaWeb.Musicas.Dominio\TreinaWeb.Musicas.Dominio.csproj", "{E409DEA8-9BCA-4591-8FAC-B9260B4F94BF}"
EndProject
Project("{2150E333-8FDC-42A3-9474-1A3956D46DE8}") = "Acesso a Dados", "Acesso a Dados", "{0B366A3E-FEFD-4D38-AAB1-8107B41F51F5}"
EndProject
Project("{FAE04EC0-301F-11D3-BF4B-00C04F79EFBC}") = "TreinaWeb.Musicas.AcessoDados.Entity", "TreinaWeb.Musicas.AcessoDados.Entity\TreinaWeb.Musicas.AcessoDados.Entity.csproj", "{94573E51-88F3-4BBA-B359-634934E8CAB6}"
EndProject
Project("{FAE04EC0-301F-11D3-BF4B-00C04F79EFBC}") = "TreinaWeb.Comum.Entity", "TreinaWeb.Comum.Entity\TreinaWeb.Comum.Entity.csproj", "{89EC16E1-51C1-4AA4-8678-376A62E711DF}"
EndProject
Global
	GlobalSection(SolutionConfigurationPlatforms) = preSolution
		Debug|Any CPU = Debug|Any CPU
		Release|Any CPU = Release|Any CPU
	EndGlobalSection
	GlobalSection(ProjectConfigurationPlatforms) = postSolution
		{C1BB1013-D841-4229-B852-616B6CA2ED93}.Debug|Any CPU.ActiveCfg = Debug|Any CPU
		{C1BB1013-D841-4229-B852-616B6CA2ED93}.Debug|Any CPU.Build.0 = Debug|Any CPU
		{C1BB1013-D841-4229-B852-616B6CA2ED93}.Release|Any CPU.ActiveCfg = Release|Any CPU
		{C1BB1013-D841-4229-B852-616B6CA2ED93}.Release|Any CPU.Build.0 = Release|Any CPU
		{E409DEA8-9BCA-4591-8FAC-B9260B4F94BF}.Debug|Any CPU.ActiveCfg = Debug|Any CPU
		{E409DEA8-9BCA-4591-8FAC-B9260B4F94BF}.Debug|Any CPU.Build.0 = Debug|Any CPU
		{E409DEA8-9BCA-4591-8FAC-B9260B4F94BF}.Release|Any CPU.ActiveCfg = Release|Any CPU
		{E409DEA8-9BCA-4591-8FAC-B9260B4F94BF}.Release|Any CPU.Build.0 = Release|Any CPU
		{94573E51-88F3-4BBA-B359-634934E8CAB6}.Debug|Any CPU.ActiveCfg = Debug|Any CPU
		{94573E51-88F3-4BBA-B359-634934E8CAB6}.Debug|Any CPU.Build.0 = Debug|Any CPU
		{94573E51-88F3-4BBA-B359-634934E8CAB6}.Release|Any CPU.ActiveCfg = Release|Any CPU
		{94573E51-88F3-4BBA-B359-634934E8CAB6}.Release|Any CPU.Build.0 = Release|Any CPU
		{89EC16E1-51C1-4AA4-8678-376A62E711DF}.Debug|Any CPU.ActiveCfg = Debug|Any CPU
		{89EC16E1-51C1-4AA4-8678-376A62E711DF}.Debug|Any CPU.Build.0 = Debug|Any CPU
		{89EC16E1-51C1-4AA4-8678-376A62E711DF}.Release|Any CPU.ActiveCfg = Release|Any CPU
		{89EC16E1-51C1-4AA4-8678-376A62E711DF}.Release|Any CPU.Build.0 = Release|Any CPU
	EndGlobalSection
	GlobalSection(SolutionProperties) = preSolution
		HideSolutionNode = FALSE
	EndGlobalSection
	GlobalSection(NestedProjects) = preSolution
		{E409DEA8-9BCA-4591-8FAC-B9260B4F94BF} = {FF18185E-8941-4DAE-BFF9-C9EF0F0B90D0}
		{94573E51-88F3-4BBA-B359-634934E8CAB6} = {0B366A3E-FEFD-4D38-AAB1-8107B41F51F5}
		{89EC16E1-51C1-4AA4-8678-376A62E711DF} = {0B366A3E-FEFD-4D38-AAB1-8107B41F51F5}
	EndGlobalSection
	GlobalSection(ExtensibilityGlobals) = postSolution
		SolutionGuid = {CF868FAF-D645-4D81-844D-48C3B3B89FF2}
	EndGlobalSection
EndGlobal
